
Microsoft Visual Studio Solution File, Format Version 12.00
# Visual Studio Version 17
VisualStudioVersion = 17.7.34018.315
MinimumVisualStudioVersion = 10.0.40219.1
Project("{FAE04EC0-301F-11D3-BF4B-00C04F79EFBC}") = "inlämninglist6", "inlämninglist6\inlämninglist6.csproj", "{DE8DD456-0A5E-4872-B81C-B0C96ECC519C}"
EndProject
Global
	GlobalSection(SolutionConfigurationPlatforms) = preSolution
		Debug|Any CPU = Debug|Any CPU
		Release|Any CPU = Release|Any CPU
	EndGlobalSection
	GlobalSection(ProjectConfigurationPlatforms) = postSolution
		{DE8DD456-0A5E-4872-B81C-B0C96ECC519C}.Debug|Any CPU.ActiveCfg = Debug|Any CPU
		{DE8DD456-0A5E-4872-B81C-B0C96ECC519C}.Debug|Any CPU.Build.0 = Debug|Any CPU
		{DE8DD456-0A5E-4872-B81C-B0C96ECC519C}.Release|Any CPU.ActiveCfg = Release|Any CPU
		{DE8DD456-0A5E-4872-B81C-B0C96ECC519C}.Release|Any CPU.Build.0 = Release|Any CPU
	EndGlobalSection
	GlobalSection(SolutionProperties) = preSolution
		HideSolutionNode = FALSE
	EndGlobalSection
	GlobalSection(ExtensibilityGlobals) = postSolution
		SolutionGuid = {8811D0A5-3320-4859-8737-581251C9E339}
	EndGlobalSection
EndGlobal
